
Microsoft Visual Studio Solution File, Format Version 12.00
# Visual Studio Version 16
VisualStudioVersion = 16.0.29424.173
MinimumVisualStudioVersion = 10.0.40219.1
Project("{FAE04EC0-301F-11D3-BF4B-00C04F79EFBC}") = "WebApiNetCore3", "WebApiNetCore3\WebApiNetCore3.csproj", "{FFED4CB2-3015-4613-A1DC-C4F33B3C2710}"
EndProject
Global
	GlobalSection(SolutionConfigurationPlatforms) = preSolution
		Debug|Any CPU = Debug|Any CPU
		Release|Any CPU = Release|Any CPU
	EndGlobalSection
	GlobalSection(ProjectConfigurationPlatforms) = postSolution
		{FFED4CB2-3015-4613-A1DC-C4F33B3C2710}.Debug|Any CPU.ActiveCfg = Debug|Any CPU
		{FFED4CB2-3015-4613-A1DC-C4F33B3C2710}.Debug|Any CPU.Build.0 = Debug|Any CPU
		{FFED4CB2-3015-4613-A1DC-C4F33B3C2710}.Release|Any CPU.ActiveCfg = Release|Any CPU
		{FFED4CB2-3015-4613-A1DC-C4F33B3C2710}.Release|Any CPU.Build.0 = Release|Any CPU
	EndGlobalSection
	GlobalSection(SolutionProperties) = preSolution
		HideSolutionNode = FALSE
	EndGlobalSection
	GlobalSection(ExtensibilityGlobals) = postSolution
		SolutionGuid = {E3396679-5F38-4108-8E09-94EB1DC38409}
	EndGlobalSection
EndGlobal
