
Microsoft Visual Studio Solution File, Format Version 12.00
# Visual Studio Version 16
VisualStudioVersion = 16.0.29424.173
MinimumVisualStudioVersion = 10.0.40219.1
Project("{FAE04EC0-301F-11D3-BF4B-00C04F79EFBC}") = "ProjetoFinal", "ProjetoFinal\ProjetoFinal.csproj", "{ED222D1E-A55E-4D5E-B360-EAE1327B5404}"
EndProject
Global
	GlobalSection(SolutionConfigurationPlatforms) = preSolution
		Debug|Any CPU = Debug|Any CPU
		Release|Any CPU = Release|Any CPU
	EndGlobalSection
	GlobalSection(ProjectConfigurationPlatforms) = postSolution
		{ED222D1E-A55E-4D5E-B360-EAE1327B5404}.Debug|Any CPU.ActiveCfg = Debug|Any CPU
		{ED222D1E-A55E-4D5E-B360-EAE1327B5404}.Debug|Any CPU.Build.0 = Debug|Any CPU
		{ED222D1E-A55E-4D5E-B360-EAE1327B5404}.Release|Any CPU.ActiveCfg = Release|Any CPU
		{ED222D1E-A55E-4D5E-B360-EAE1327B5404}.Release|Any CPU.Build.0 = Release|Any CPU
	EndGlobalSection
	GlobalSection(SolutionProperties) = preSolution
		HideSolutionNode = FALSE
	EndGlobalSection
	GlobalSection(ExtensibilityGlobals) = postSolution
		SolutionGuid = {7E6FD95A-7D6B-41BF-8FCB-DE06EEB93F9A}
	EndGlobalSection
EndGlobal
