
Microsoft Visual Studio Solution File, Format Version 12.00
# Visual Studio Version 16
VisualStudioVersion = 16.0.29102.190
MinimumVisualStudioVersion = 10.0.40219.1
Project("{FAE04EC0-301F-11D3-BF4B-00C04F79EFBC}") = "ConsoleApp1", "ConsoleApp1\ConsoleApp1.csproj", "{5906B95D-8471-4395-AE30-1A83E16A3EEE}"
EndProject
Global
	GlobalSection(SolutionConfigurationPlatforms) = preSolution
		Debug|Any CPU = Debug|Any CPU
		Release|Any CPU = Release|Any CPU
	EndGlobalSection
	GlobalSection(ProjectConfigurationPlatforms) = postSolution
		{5906B95D-8471-4395-AE30-1A83E16A3EEE}.Debug|Any CPU.ActiveCfg = Debug|Any CPU
		{5906B95D-8471-4395-AE30-1A83E16A3EEE}.Debug|Any CPU.Build.0 = Debug|Any CPU
		{5906B95D-8471-4395-AE30-1A83E16A3EEE}.Release|Any CPU.ActiveCfg = Release|Any CPU
		{5906B95D-8471-4395-AE30-1A83E16A3EEE}.Release|Any CPU.Build.0 = Release|Any CPU
	EndGlobalSection
	GlobalSection(SolutionProperties) = preSolution
		HideSolutionNode = FALSE
	EndGlobalSection
	GlobalSection(ExtensibilityGlobals) = postSolution
		SolutionGuid = {38AC0C33-5387-4277-BA28-C66F340FFE10}
	EndGlobalSection
EndGlobal
