
Microsoft Visual Studio Solution File, Format Version 12.00
# Visual Studio Version 16
VisualStudioVersion = 16.0.29020.237
MinimumVisualStudioVersion = 10.0.40219.1
Project("{FAE04EC0-301F-11D3-BF4B-00C04F79EFBC}") = "ApresentandoOsAlcoolatras", "ApresentandoOsAlcoolatras\ApresentandoOsAlcoolatras.csproj", "{6F1D7D10-CEED-4188-A789-C845304F42FA}"
EndProject
Global
	GlobalSection(SolutionConfigurationPlatforms) = preSolution
		Debug|Any CPU = Debug|Any CPU
		Release|Any CPU = Release|Any CPU
	EndGlobalSection
	GlobalSection(ProjectConfigurationPlatforms) = postSolution
		{6F1D7D10-CEED-4188-A789-C845304F42FA}.Debug|Any CPU.ActiveCfg = Debug|Any CPU
		{6F1D7D10-CEED-4188-A789-C845304F42FA}.Debug|Any CPU.Build.0 = Debug|Any CPU
		{6F1D7D10-CEED-4188-A789-C845304F42FA}.Release|Any CPU.ActiveCfg = Release|Any CPU
		{6F1D7D10-CEED-4188-A789-C845304F42FA}.Release|Any CPU.Build.0 = Release|Any CPU
	EndGlobalSection
	GlobalSection(SolutionProperties) = preSolution
		HideSolutionNode = FALSE
	EndGlobalSection
	GlobalSection(ExtensibilityGlobals) = postSolution
		SolutionGuid = {7319860D-D3AF-43BB-B48F-CF5D4EB456E0}
	EndGlobalSection
EndGlobal
