
Microsoft Visual Studio Solution File, Format Version 12.00
# Visual Studio Version 16
VisualStudioVersion = 16.0.29020.237
MinimumVisualStudioVersion = 10.0.40219.1
Project("{FAE04EC0-301F-11D3-BF4B-00C04F79EFBC}") = "ConsoleMigration", "ConsoleMigration\ConsoleMigration.csproj", "{FFFA2395-B979-42D0-9F5C-BEF1C231AA7E}"
EndProject
Global
	GlobalSection(SolutionConfigurationPlatforms) = preSolution
		Debug|Any CPU = Debug|Any CPU
		Release|Any CPU = Release|Any CPU
	EndGlobalSection
	GlobalSection(ProjectConfigurationPlatforms) = postSolution
		{FFFA2395-B979-42D0-9F5C-BEF1C231AA7E}.Debug|Any CPU.ActiveCfg = Debug|Any CPU
		{FFFA2395-B979-42D0-9F5C-BEF1C231AA7E}.Debug|Any CPU.Build.0 = Debug|Any CPU
		{FFFA2395-B979-42D0-9F5C-BEF1C231AA7E}.Release|Any CPU.ActiveCfg = Release|Any CPU
		{FFFA2395-B979-42D0-9F5C-BEF1C231AA7E}.Release|Any CPU.Build.0 = Release|Any CPU
	EndGlobalSection
	GlobalSection(SolutionProperties) = preSolution
		HideSolutionNode = FALSE
	EndGlobalSection
	GlobalSection(ExtensibilityGlobals) = postSolution
		SolutionGuid = {CB0D020D-F19D-46F0-AD55-DAAFB853CE91}
	EndGlobalSection
EndGlobal
