
Microsoft Visual Studio Solution File, Format Version 12.00
# Visual Studio Version 16
VisualStudioVersion = 16.0.29020.237
MinimumVisualStudioVersion = 10.0.40219.1
Project("{FAE04EC0-301F-11D3-BF4B-00C04F79EFBC}") = "WebApiBancoExistente", "WebApiBancoExistente\WebApiBancoExistente.csproj", "{7597E5ED-E9DD-43A4-9142-3939A2D8BD88}"
EndProject
Global
	GlobalSection(SolutionConfigurationPlatforms) = preSolution
		Debug|Any CPU = Debug|Any CPU
		Release|Any CPU = Release|Any CPU
	EndGlobalSection
	GlobalSection(ProjectConfigurationPlatforms) = postSolution
		{7597E5ED-E9DD-43A4-9142-3939A2D8BD88}.Debug|Any CPU.ActiveCfg = Debug|Any CPU
		{7597E5ED-E9DD-43A4-9142-3939A2D8BD88}.Debug|Any CPU.Build.0 = Debug|Any CPU
		{7597E5ED-E9DD-43A4-9142-3939A2D8BD88}.Release|Any CPU.ActiveCfg = Release|Any CPU
		{7597E5ED-E9DD-43A4-9142-3939A2D8BD88}.Release|Any CPU.Build.0 = Release|Any CPU
	EndGlobalSection
	GlobalSection(SolutionProperties) = preSolution
		HideSolutionNode = FALSE
	EndGlobalSection
	GlobalSection(ExtensibilityGlobals) = postSolution
		SolutionGuid = {5AB78D25-8EE6-4457-A5F1-3E8A6F62FCA1}
	EndGlobalSection
EndGlobal
