
Microsoft Visual Studio Solution File, Format Version 12.00
# Visual Studio Version 16
VisualStudioVersion = 16.0.29020.237
MinimumVisualStudioVersion = 10.0.40219.1
Project("{FAE04EC0-301F-11D3-BF4B-00C04F79EFBC}") = "ListaDeNomes", "ListaDeNomes\ListaDeNomes.csproj", "{1483B1B6-9C27-43F4-BA3E-8FFA96EAEC43}"
EndProject
Project("{FAE04EC0-301F-11D3-BF4B-00C04F79EFBC}") = "InterfaceListaDeNomes", "InterfaceListaDeNomes\InterfaceListaDeNomes.csproj", "{3C0BED69-2CD2-418E-AED2-697421F64BAF}"
EndProject
Global
	GlobalSection(SolutionConfigurationPlatforms) = preSolution
		Debug|Any CPU = Debug|Any CPU
		Release|Any CPU = Release|Any CPU
	EndGlobalSection
	GlobalSection(ProjectConfigurationPlatforms) = postSolution
		{1483B1B6-9C27-43F4-BA3E-8FFA96EAEC43}.Debug|Any CPU.ActiveCfg = Debug|Any CPU
		{1483B1B6-9C27-43F4-BA3E-8FFA96EAEC43}.Debug|Any CPU.Build.0 = Debug|Any CPU
		{1483B1B6-9C27-43F4-BA3E-8FFA96EAEC43}.Release|Any CPU.ActiveCfg = Release|Any CPU
		{1483B1B6-9C27-43F4-BA3E-8FFA96EAEC43}.Release|Any CPU.Build.0 = Release|Any CPU
		{3C0BED69-2CD2-418E-AED2-697421F64BAF}.Debug|Any CPU.ActiveCfg = Debug|Any CPU
		{3C0BED69-2CD2-418E-AED2-697421F64BAF}.Debug|Any CPU.Build.0 = Debug|Any CPU
		{3C0BED69-2CD2-418E-AED2-697421F64BAF}.Release|Any CPU.ActiveCfg = Release|Any CPU
		{3C0BED69-2CD2-418E-AED2-697421F64BAF}.Release|Any CPU.Build.0 = Release|Any CPU
	EndGlobalSection
	GlobalSection(SolutionProperties) = preSolution
		HideSolutionNode = FALSE
	EndGlobalSection
	GlobalSection(ExtensibilityGlobals) = postSolution
		SolutionGuid = {E7226784-A5F1-4655-A649-8FBB69172F2E}
	EndGlobalSection
EndGlobal
