
Microsoft Visual Studio Solution File, Format Version 12.00
# Visual Studio Version 16
VisualStudioVersion = 16.0.29020.237
MinimumVisualStudioVersion = 10.0.40219.1
Project("{FAE04EC0-301F-11D3-BF4B-00C04F79EFBC}") = "SistemaRelatorioCarros", "SistemaRelatorioCarros\SistemaRelatorioCarros.csproj", "{99997591-1D16-433B-95E5-A9685D334A40}"
EndProject
Project("{FAE04EC0-301F-11D3-BF4B-00C04F79EFBC}") = "InterfaceSistemaRelatorio", "InterfaceSistemaRelatorio\InterfaceSistemaRelatorio.csproj", "{1B33088F-E3BA-480B-8488-16C1D4BF10C8}"
EndProject
Global
	GlobalSection(SolutionConfigurationPlatforms) = preSolution
		Debug|Any CPU = Debug|Any CPU
		Release|Any CPU = Release|Any CPU
	EndGlobalSection
	GlobalSection(ProjectConfigurationPlatforms) = postSolution
		{99997591-1D16-433B-95E5-A9685D334A40}.Debug|Any CPU.ActiveCfg = Debug|Any CPU
		{99997591-1D16-433B-95E5-A9685D334A40}.Debug|Any CPU.Build.0 = Debug|Any CPU
		{99997591-1D16-433B-95E5-A9685D334A40}.Release|Any CPU.ActiveCfg = Release|Any CPU
		{99997591-1D16-433B-95E5-A9685D334A40}.Release|Any CPU.Build.0 = Release|Any CPU
		{1B33088F-E3BA-480B-8488-16C1D4BF10C8}.Debug|Any CPU.ActiveCfg = Debug|Any CPU
		{1B33088F-E3BA-480B-8488-16C1D4BF10C8}.Debug|Any CPU.Build.0 = Debug|Any CPU
		{1B33088F-E3BA-480B-8488-16C1D4BF10C8}.Release|Any CPU.ActiveCfg = Release|Any CPU
		{1B33088F-E3BA-480B-8488-16C1D4BF10C8}.Release|Any CPU.Build.0 = Release|Any CPU
	EndGlobalSection
	GlobalSection(SolutionProperties) = preSolution
		HideSolutionNode = FALSE
	EndGlobalSection
	GlobalSection(ExtensibilityGlobals) = postSolution
		SolutionGuid = {754ABBD3-A96D-46A3-91E1-B67D5E24F100}
	EndGlobalSection
EndGlobal
