
Microsoft Visual Studio Solution File, Format Version 12.00
# Visual Studio Version 16
VisualStudioVersion = 16.0.29020.237
MinimumVisualStudioVersion = 10.0.40219.1
Project("{FAE04EC0-301F-11D3-BF4B-00C04F79EFBC}") = "CestaDeFrutas", "CestaDeFrutas\CestaDeFrutas.csproj", "{A6C2260B-2AFB-4440-987E-02B29D585D79}"
EndProject
Project("{FAE04EC0-301F-11D3-BF4B-00C04F79EFBC}") = "ExercicioOrderBy", "ExercicioOrderBy\ExercicioOrderBy.csproj", "{71B190AA-3CFD-41DC-8CC1-98885C640BF5}"
EndProject
Global
	GlobalSection(SolutionConfigurationPlatforms) = preSolution
		Debug|Any CPU = Debug|Any CPU
		Release|Any CPU = Release|Any CPU
	EndGlobalSection
	GlobalSection(ProjectConfigurationPlatforms) = postSolution
		{A6C2260B-2AFB-4440-987E-02B29D585D79}.Debug|Any CPU.ActiveCfg = Debug|Any CPU
		{A6C2260B-2AFB-4440-987E-02B29D585D79}.Debug|Any CPU.Build.0 = Debug|Any CPU
		{A6C2260B-2AFB-4440-987E-02B29D585D79}.Release|Any CPU.ActiveCfg = Release|Any CPU
		{A6C2260B-2AFB-4440-987E-02B29D585D79}.Release|Any CPU.Build.0 = Release|Any CPU
		{71B190AA-3CFD-41DC-8CC1-98885C640BF5}.Debug|Any CPU.ActiveCfg = Debug|Any CPU
		{71B190AA-3CFD-41DC-8CC1-98885C640BF5}.Debug|Any CPU.Build.0 = Debug|Any CPU
		{71B190AA-3CFD-41DC-8CC1-98885C640BF5}.Release|Any CPU.ActiveCfg = Release|Any CPU
		{71B190AA-3CFD-41DC-8CC1-98885C640BF5}.Release|Any CPU.Build.0 = Release|Any CPU
	EndGlobalSection
	GlobalSection(SolutionProperties) = preSolution
		HideSolutionNode = FALSE
	EndGlobalSection
	GlobalSection(ExtensibilityGlobals) = postSolution
		SolutionGuid = {C0636712-0AB4-494C-90F9-5E0B6A4EB11D}
	EndGlobalSection
EndGlobal
